// !$*UTF8*$!
{
	archiveVersion = 1;
	classes = {
	};
	objectVersion = 46;
	objects = {

/* Begin PBXBuildFile section */
		A53A87C21E6E7F0000A9B202 /* main.m in Sources */ = {isa = PBXBuildFile; fileRef = A53A87C11E6E7F0000A9B202 /* main.m */; };
		A53A87C51E6E7F0000A9B202 /* AppDelegate.m in Sources */ = {isa = PBXBuildFile; fileRef = A53A87C41E6E7F0000A9B202 /* AppDelegate.m */; };
		A53A87CB1E6E7F0000A9B202 /* Main.storyboard in Resources */ = {isa = PBXBuildFile; fileRef = A53A87C91E6E7F0000A9B202 /* Main.storyboard */; };
		A53A87CD1E6E7F0000A9B202 /* Assets.xcassets in Resources */ = {isa = PBXBuildFile; fileRef = A53A87CC1E6E7F0000A9B202 /* Assets.xcassets */; };
		A53A87D01E6E7F0000A9B202 /* LaunchScreen.storyboard in Resources */ = {isa = PBXBuildFile; fileRef = A53A87CE1E6E7F0000A9B202 /* LaunchScreen.storyboard */; };
		A53A87E91E6E813000A9B202 /* JSlideGestureRecognizer.m in Sources */ = {isa = PBXBuildFile; fileRef = A53A87E51E6E813000A9B202 /* JSlideGestureRecognizer.m */; };
		A53A87EA1E6E813000A9B202 /* JSlideView.m in Sources */ = {isa = PBXBuildFile; fileRef = A53A87E71E6E813000A9B202 /* JSlideView.m */; };
		A53A87ED1E6E834000A9B202 /* TableViewController.m in Sources */ = {isa = PBXBuildFile; fileRef = A53A87EC1E6E834000A9B202 /* TableViewController.m */; };
/* End PBXBuildFile section */

/* Begin PBXFileReference section */
		A53A87BD1E6E7F0000A9B202 /* testCell.app */ = {isa = PBXFileReference; explicitFileType = wrapper.application; includeInIndex = 0; path = testCell.app; sourceTree = BUILT_PRODUCTS_DIR; };
		A53A87C11E6E7F0000A9B202 /* main.m */ = {isa = PBXFileReference; lastKnownFileType = sourcecode.c.objc; path = main.m; sourceTree = "<group>"; };
		A53A87C31E6E7F0000A9B202 /* AppDelegate.h */ = {isa = PBXFileReference; lastKnownFileType = sourcecode.c.h; path = AppDelegate.h; sourceTree = "<group>"; };
		A53A87C41E6E7F0000A9B202 /* AppDelegate.m */ = {isa = PBXFileReference; lastKnownFileType = sourcecode.c.objc; path = AppDelegate.m; sourceTree = "<group>"; };
		A53A87CA1E6E7F0000A9B202 /* Base */ = {isa = PBXFileReference; lastKnownFileType = file.storyboard; name = Base; path = Base.lproj/Main.storyboard; sourceTree = "<group>"; };
		A53A87CC1E6E7F0000A9B202 /* Assets.xcassets */ = {isa = PBXFileReference; lastKnownFileType = folder.assetcatalog; path = Assets.xcassets; sourceTree = "<group>"; };
		A53A87CF1E6E7F0000A9B202 /* Base */ = {isa = PBXFileReference; lastKnownFileType = file.storyboard; name = Base; path = Base.lproj/LaunchScreen.storyboard; sourceTree = "<group>"; };
		A53A87D11E6E7F0000A9B202 /* Info.plist */ = {isa = PBXFileReference; lastKnownFileType = text.plist.xml; path = Info.plist; sourceTree = "<group>"; };
		A53A87E41E6E813000A9B202 /* JSlideGestureRecognizer.h */ = {isa = PBXFileReference; fileEncoding = 4; lastKnownFileType = sourcecode.c.h; path = JSlideGestureRecognizer.h; sourceTree = "<group>"; };
		A53A87E51E6E813000A9B202 /* JSlideGestureRecognizer.m */ = {isa = PBXFileReference; fileEncoding = 4; lastKnownFileType = sourcecode.c.objc; path = JSlideGestureRecognizer.m; sourceTree = "<group>"; };
		A53A87E61E6E813000A9B202 /* JSlideView.h */ = {isa = PBXFileReference; fileEncoding = 4; lastKnownFileType = sourcecode.c.h; path = JSlideView.h; sourceTree = "<group>"; };
		A53A87E71E6E813000A9B202 /* JSlideView.m */ = {isa = PBXFileReference; fileEncoding = 4; lastKnownFileType = sourcecode.c.objc; path = JSlideView.m; sourceTree = "<group>"; };
		A53A87EB1E6E834000A9B202 /* TableViewController.h */ = {isa = PBXFileReference; fileEncoding = 4; lastKnownFileType = sourcecode.c.h; path = TableViewController.h; sourceTree = "<group>"; };
		A53A87EC1E6E834000A9B202 /* TableViewController.m */ = {isa = PBXFileReference; fileEncoding = 4; lastKnownFileType = sourcecode.c.objc; path = TableViewController.m; sourceTree = "<group>"; };
/* End PBXFileReference section */

/* Begin PBXFrameworksBuildPhase section */
		A53A87BA1E6E7F0000A9B202 /* Frameworks */ = {
			isa = PBXFrameworksBuildPhase;
			buildActionMask = 2147483647;
			files = (
			);
			runOnlyForDeploymentPostprocessing = 0;
		};
/* End PBXFrameworksBuildPhase section */

/* Begin PBXGroup section */
		A53A87B41E6E7F0000A9B202 = {
			isa = PBXGroup;
			children = (
				A53A87E11E6E813000A9B202 /* JSlideCell */,
				A53A87BF1E6E7F0000A9B202 /* testCell */,
				A53A87BE1E6E7F0000A9B202 /* Products */,
			);
			sourceTree = "<group>";
		};
		A53A87BE1E6E7F0000A9B202 /* Products */ = {
			isa = PBXGroup;
			children = (
				A53A87BD1E6E7F0000A9B202 /* testCell.app */,
			);
			name = Products;
			sourceTree = "<group>";
		};
		A53A87BF1E6E7F0000A9B202 /* testCell */ = {
			isa = PBXGroup;
			children = (
				A53A87C31E6E7F0000A9B202 /* AppDelegate.h */,
				A53A87C41E6E7F0000A9B202 /* AppDelegate.m */,
				A53A87EB1E6E834000A9B202 /* TableViewController.h */,
				A53A87EC1E6E834000A9B202 /* TableViewController.m */,
				A53A87C91E6E7F0000A9B202 /* Main.storyboard */,
				A53A87CC1E6E7F0000A9B202 /* Assets.xcassets */,
				A53A87CE1E6E7F0000A9B202 /* LaunchScreen.storyboard */,
				A53A87D11E6E7F0000A9B202 /* Info.plist */,
				A53A87C01E6E7F0000A9B202 /* Supporting Files */,
			);
			path = testCell;
			sourceTree = "<group>";
		};
		A53A87C01E6E7F0000A9B202 /* Supporting Files */ = {
			isa = PBXGroup;
			children = (
				A53A87C11E6E7F0000A9B202 /* main.m */,
			);
			name = "Supporting Files";
			sourceTree = "<group>";
		};
		A53A87E11E6E813000A9B202 /* JSlideCell */ = {
			isa = PBXGroup;
			children = (
				A53A87E41E6E813000A9B202 /* JSlideGestureRecognizer.h */,
				A53A87E51E6E813000A9B202 /* JSlideGestureRecognizer.m */,
				A53A87E61E6E813000A9B202 /* JSlideView.h */,
				A53A87E71E6E813000A9B202 /* JSlideView.m */,
			);
			path = JSlideCell;
			sourceTree = "<group>";
		};
/* End PBXGroup section */

/* Begin PBXNativeTarget section */
		A53A87BC1E6E7F0000A9B202 /* testCell */ = {
			isa = PBXNativeTarget;
			buildConfigurationList = A53A87D41E6E7F0000A9B202 /* Build configuration list for PBXNativeTarget "testCell" */;
			buildPhases = (
				A53A87B91E6E7F0000A9B202 /* Sources */,
				A53A87BA1E6E7F0000A9B202 /* Frameworks */,
				A53A87BB1E6E7F0000A9B202 /* Resources */,
			);
			buildRules = (
			);
			dependencies = (
			);
			name = testCell;
			productName = testCell;
			productReference = A53A87BD1E6E7F0000A9B202 /* testCell.app */;
			productType = "com.apple.product-type.application";
		};
/* End PBXNativeTarget section */

/* Begin PBXProject section */
		A53A87B51E6E7F0000A9B202 /* Project object */ = {
			isa = PBXProject;
			attributes = {
				LastUpgradeCheck = 0820;
				ORGANIZATIONNAME = apple;
				TargetAttributes = {
					A53A87BC1E6E7F0000A9B202 = {
						CreatedOnToolsVersion = 8.2.1;
						DevelopmentTeam = M69RR6XBWE;
						ProvisioningStyle = Automatic;
					};
				};
			};
			buildConfigurationList = A53A87B81E6E7F0000A9B202 /* Build configuration list for PBXProject "testCell" */;
			compatibilityVersion = "Xcode 3.2";
			developmentRegion = English;
			hasScannedForEncodings = 0;
			knownRegions = (
				en,
				Base,
			);
			mainGroup = A53A87B41E6E7F0000A9B202;
			productRefGroup = A53A87BE1E6E7F0000A9B202 /* Products */;
			projectDirPath = "";
			projectRoot = "";
			targets = (
				A53A87BC1E6E7F0000A9B202 /* testCell */,
			);
		};
/* End PBXProject section */

/* Begin PBXResourcesBuildPhase section */
		A53A87BB1E6E7F0000A9B202 /* Resources */ = {
			isa = PBXResourcesBuildPhase;
			buildActionMask = 2147483647;
			files = (
				A53A87D01E6E7F0000A9B202 /* LaunchScreen.storyboard in Resources */,
				A53A87CD1E6E7F0000A9B202 /* Assets.xcassets in Resources */,
				A53A87CB1E6E7F0000A9B202 /* Main.storyboard in Resources */,
			);
			runOnlyForDeploymentPostprocessing = 0;
		};
/* End PBXResourcesBuildPhase section */

/* Begin PBXSourcesBuildPhase section */
		A53A87B91E6E7F0000A9B202 /* Sources */ = {
			isa = PBXSourcesBuildPhase;
			buildActionMask = 2147483647;
			files = (
				A53A87E91E6E813000A9B202 /* JSlideGestureRecognizer.m in Sources */,
				A53A87C51E6E7F0000A9B202 /* AppDelegate.m in Sources */,
				A53A87EA1E6E813000A9B202 /* JSlideView.m in Sources */,
				A53A87ED1E6E834000A9B202 /* TableViewController.m in Sources */,
				A53A87C21E6E7F0000A9B202 /* main.m in Sources */,
			);
			runOnlyForDeploymentPostprocessing = 0;
		};
/* End PBXSourcesBuildPhase section */

/* Begin PBXVariantGroup section */
		A53A87C91E6E7F0000A9B202 /* Main.storyboard */ = {
			isa = PBXVariantGroup;
			children = (
				A53A87CA1E6E7F0000A9B202 /* Base */,
			);
			name = Main.storyboard;
			sourceTree = "<group>";
		};
		A53A87CE1E6E7F0000A9B202 /* LaunchScreen.storyboard */ = {
			isa = PBXVariantGroup;
			children = (
				A53A87CF1E6E7F0000A9B202 /* Base */,
			);
			name = LaunchScreen.storyboard;
			sourceTree = "<group>";
		};
/* End PBXVariantGroup section */

/* Begin XCBuildConfiguration section */
		A53A87D21E6E7F0000A9B202 /* Debug */ = {
			isa = XCBuildConfiguration;
			buildSettings = {
				ALWAYS_SEARCH_USER_PATHS = NO;
				CLANG_ANALYZER_NONNULL = YES;
				CLANG_CXX_LANGUAGE_STANDARD = "gnu++0x";
				CLANG_CXX_LIBRARY = "libc++";
				CLANG_ENABLE_MODULES = YES;
				CLANG_ENABLE_OBJC_ARC = YES;
				CLANG_WARN_BOOL_CONVERSION = YES;
				CLANG_WARN_CONSTANT_CONVERSION = YES;
				CLANG_WARN_DIRECT_OBJC_ISA_USAGE = YES_ERROR;
				CLANG_WARN_DOCUMENTATION_COMMENTS = YES;
				CLANG_WARN_EMPTY_BODY = YES;
				CLANG_WARN_ENUM_CONVERSION = YES;
				CLANG_WARN_INFINITE_RECURSION = YES;
				CLANG_WARN_INT_CONVERSION = YES;
				CLANG_WARN_OBJC_ROOT_CLASS = YES_ERROR;
				CLANG_WARN_SUSPICIOUS_MOVE = YES;
				CLANG_WARN_UNREACHABLE_CODE = YES;
				CLANG_WARN__DUPLICATE_METHOD_MATCH = YES;
				"CODE_SIGN_IDENTITY[sdk=iphoneos*]" = "iPhone Developer";
				COPY_PHASE_STRIP = NO;
				DEBUG_INFORMATION_FORMAT = dwarf;
				ENABLE_STRICT_OBJC_MSGSEND = YES;
				ENABLE_TESTABILITY = YES;
				GCC_C_LANGUAGE_STANDARD = gnu99;
				GCC_DYNAMIC_NO_PIC = NO;
				GCC_NO_COMMON_BLOCKS = YES;
				GCC_OPTIMIZATION_LEVEL = 0;
				GCC_PREPROCESSOR_DEFINITIONS = (
					"DEBUG=1",
					"$(inherited)",
				);
				GCC_WARN_64_TO_32_BIT_CONVERSION = YES;
				GCC_WARN_ABOUT_RETURN_TYPE = YES_ERROR;
				GCC_WARN_UNDECLARED_SELECTOR = YES;
				GCC_WARN_UNINITIALIZED_AUTOS = YES_AGGRESSIVE;
				GCC_WARN_UNUSED_FUNCTION = YES;
				GCC_WARN_UNUSED_VARIABLE = YES;
				IPHONEOS_DEPLOYMENT_TARGET = 10.2;
				MTL_ENABLE_DEBUG_INFO = YES;
				ONLY_ACTIVE_ARCH = YES;
				SDKROOT = iphoneos;
			};
			name = Debug;
		};
		A53A87D31E6E7F0000A9B202 /* Release */ = {
			isa = XCBuildConfiguration;
			buildSettings = {
				ALWAYS_SEARCH_USER_PATHS = NO;
				CLANG_ANALYZER_NONNULL = YES;
				CLANG_CXX_LANGUAGE_STANDARD = "gnu++0x";
				CLANG_CXX_LIBRARY = "libc++";
				CLANG_ENABLE_MODULES = YES;
				CLANG_ENABLE_OBJC_ARC = YES;
				CLANG_WARN_BOOL_CONVERSION = YES;
				CLANG_WARN_CONSTANT_CONVERSION = YES;
				CLANG_WARN_DIRECT_OBJC_ISA_USAGE = YES_ERROR;
				CLANG_WARN_DOCUMENTATION_COMMENTS = YES;
				CLANG_WARN_EMPTY_BODY = YES;
				CLANG_WARN_ENUM_CONVERSION = YES;
				CLANG_WARN_INFINITE_RECURSION = YES;
				CLANG_WARN_INT_CONVERSION = YES;
				CLANG_WARN_OBJC_ROOT_CLASS = YES_ERROR;
				CLANG_WARN_SUSPICIOUS_MOVE = YES;
				CLANG_WARN_UNREACHABLE_CODE = YES;
				CLANG_WARN__DUPLICATE_METHOD_MATCH = YES;
				"CODE_SIGN_IDENTITY[sdk=iphoneos*]" = "iPhone Developer";
				COPY_PHASE_STRIP = NO;
				DEBUG_INFORMATION_FORMAT = "dwarf-with-dsym";
				ENABLE_NS_ASSERTIONS = NO;
				ENABLE_STRICT_OBJC_MSGSEND = YES;
				GCC_C_LANGUAGE_STANDARD = gnu99;
				GCC_NO_COMMON_BLOCKS = YES;
				GCC_WARN_64_TO_32_BIT_CONVERSION = YES;
				GCC_WARN_ABOUT_RETURN_TYPE = YES_ERROR;
				GCC_WARN_UNDECLARED_SELECTOR = YES;
				GCC_WARN_UNINITIALIZED_AUTOS = YES_AGGRESSIVE;
				GCC_WARN_UNUSED_FUNCTION = YES;
				GCC_WARN_UNUSED_VARIABLE = YES;
				IPHONEOS_DEPLOYMENT_TARGET = 10.2;
				MTL_ENABLE_DEBUG_INFO = NO;
				SDKROOT = iphoneos;
				VALIDATE_PRODUCT = YES;
			};
			name = Release;
		};
		A53A87D51E6E7F0000A9B202 /* Debug */ = {
			isa = XCBuildConfiguration;
			buildSettings = {
				ASSETCATALOG_COMPILER_APPICON_NAME = AppIcon;
				DEVELOPMENT_TEAM = M69RR6XBWE;
				INFOPLIST_FILE = testCell/Info.plist;
				LD_RUNPATH_SEARCH_PATHS = "$(inherited) @executable_path/Frameworks";
				PRODUCT_BUNDLE_IDENTIFIER = com.AuRb.testCell;
				PRODUCT_NAME = "$(TARGET_NAME)";
			};
			name = Debug;
		};
		A53A87D61E6E7F0000A9B202 /* Release */ = {
			isa = XCBuildConfiguration;
			buildSettings = {
				ASSETCATALOG_COMPILER_APPICON_NAME = AppIcon;
				DEVELOPMENT_TEAM = M69RR6XBWE;
				INFOPLIST_FILE = testCell/Info.plist;
				LD_RUNPATH_SEARCH_PATHS = "$(inherited) @executable_path/Frameworks";
				PRODUCT_BUNDLE_IDENTIFIER = com.AuRb.testCell;
				PRODUCT_NAME = "$(TARGET_NAME)";
			};
			name = Release;
		};
/* End XCBuildConfiguration section */

/* Begin XCConfigurationList section */
		A53A87B81E6E7F0000A9B202 /* Build configuration list for PBXProject "testCell" */ = {
			isa = XCConfigurationList;
			buildConfigurations = (
				A53A87D21E6E7F0000A9B202 /* Debug */,
				A53A87D31E6E7F0000A9B202 /* Release */,
			);
			defaultConfigurationIsVisible = 0;
			defaultConfigurationName = Release;
		};
		A53A87D41E6E7F0000A9B202 /* Build configuration list for PBXNativeTarget "testCell" */ = {
			isa = XCConfigurationList;
			buildConfigurations = (
				A53A87D51E6E7F0000A9B202 /* Debug */,
				A53A87D61E6E7F0000A9B202 /* Release */,
			);
			defaultConfigurationIsVisible = 0;
		};
/* End XCConfigurationList section */
	};
	rootObject = A53A87B51E6E7F0000A9B202 /* Project object */;
}
